
Microsoft Visual Studio Solution File, Format Version 12.00
# Visual Studio Version 17
VisualStudioVersion = 17.10.35122.118
MinimumVisualStudioVersion = 10.0.40219.1
Project("{9A19103F-16F7-4668-BE54-9A1E7A4F7556}") = "MySchool.EntityLayer", "MySchool.EntityLayer\MySchool.EntityLayer.csproj", "{ED171207-A1A1-4CAF-83E9-DE3117709D57}"
EndProject
Project("{9A19103F-16F7-4668-BE54-9A1E7A4F7556}") = "MySchool.DataAccessLayer", "MySchool.DataAccessLayer\MySchool.DataAccessLayer.csproj", "{029F84E2-6EDD-4E36-9C96-929CADF323E8}"
EndProject
Project("{9A19103F-16F7-4668-BE54-9A1E7A4F7556}") = "MySchool.DtoLayer", "MySchool.DtoLayer\MySchool.DtoLayer.csproj", "{B4196073-AC0A-4A8E-9D65-5238104C077F}"
EndProject
Project("{9A19103F-16F7-4668-BE54-9A1E7A4F7556}") = "MySchool.BuisnessLayer", "MySchool.BuisnessLayer\MySchool.BuisnessLayer.csproj", "{740436E7-C73C-49FC-B0A0-64831D26FB8D}"
EndProject
Project("{9A19103F-16F7-4668-BE54-9A1E7A4F7556}") = "MySchool.WebApi", "MySchool.WebApi\MySchool.WebApi.csproj", "{08F436B8-D48E-4C44-BF9F-D90BE03CDB1A}"
EndProject
Project("{FAE04EC0-301F-11D3-BF4B-00C04F79EFBC}") = "MySchool.WebUI", "MySchool.WebUI\MySchool.WebUI.csproj", "{EB69724E-5A7A-4F03-B860-72920BE2E773}"
EndProject
Project("{FAE04EC0-301F-11D3-BF4B-00C04F79EFBC}") = "MySchool.FrontendDtoLayer", "MySchool.FrontendDtoLayer\MySchool.FrontendDtoLayer.csproj", "{871CC36C-D7DC-4232-A72A-349CE8AB1CFF}"
EndProject
Global
	GlobalSection(SolutionConfigurationPlatforms) = preSolution
		Debug|Any CPU = Debug|Any CPU
		Release|Any CPU = Release|Any CPU
	EndGlobalSection
	GlobalSection(ProjectConfigurationPlatforms) = postSolution
		{ED171207-A1A1-4CAF-83E9-DE3117709D57}.Debug|Any CPU.ActiveCfg = Debug|Any CPU
		{ED171207-A1A1-4CAF-83E9-DE3117709D57}.Debug|Any CPU.Build.0 = Debug|Any CPU
		{ED171207-A1A1-4CAF-83E9-DE3117709D57}.Release|Any CPU.ActiveCfg = Release|Any CPU
		{ED171207-A1A1-4CAF-83E9-DE3117709D57}.Release|Any CPU.Build.0 = Release|Any CPU
		{029F84E2-6EDD-4E36-9C96-929CADF323E8}.Debug|Any CPU.ActiveCfg = Debug|Any CPU
		{029F84E2-6EDD-4E36-9C96-929CADF323E8}.Debug|Any CPU.Build.0 = Debug|Any CPU
		{029F84E2-6EDD-4E36-9C96-929CADF323E8}.Release|Any CPU.ActiveCfg = Release|Any CPU
		{029F84E2-6EDD-4E36-9C96-929CADF323E8}.Release|Any CPU.Build.0 = Release|Any CPU
		{B4196073-AC0A-4A8E-9D65-5238104C077F}.Debug|Any CPU.ActiveCfg = Debug|Any CPU
		{B4196073-AC0A-4A8E-9D65-5238104C077F}.Debug|Any CPU.Build.0 = Debug|Any CPU
		{B4196073-AC0A-4A8E-9D65-5238104C077F}.Release|Any CPU.ActiveCfg = Release|Any CPU
		{B4196073-AC0A-4A8E-9D65-5238104C077F}.Release|Any CPU.Build.0 = Release|Any CPU
		{740436E7-C73C-49FC-B0A0-64831D26FB8D}.Debug|Any CPU.ActiveCfg = Debug|Any CPU
		{740436E7-C73C-49FC-B0A0-64831D26FB8D}.Debug|Any CPU.Build.0 = Debug|Any CPU
		{740436E7-C73C-49FC-B0A0-64831D26FB8D}.Release|Any CPU.ActiveCfg = Release|Any CPU
		{740436E7-C73C-49FC-B0A0-64831D26FB8D}.Release|Any CPU.Build.0 = Release|Any CPU
		{08F436B8-D48E-4C44-BF9F-D90BE03CDB1A}.Debug|Any CPU.ActiveCfg = Debug|Any CPU
		{08F436B8-D48E-4C44-BF9F-D90BE03CDB1A}.Debug|Any CPU.Build.0 = Debug|Any CPU
		{08F436B8-D48E-4C44-BF9F-D90BE03CDB1A}.Release|Any CPU.ActiveCfg = Release|Any CPU
		{08F436B8-D48E-4C44-BF9F-D90BE03CDB1A}.Release|Any CPU.Build.0 = Release|Any CPU
		{EB69724E-5A7A-4F03-B860-72920BE2E773}.Debug|Any CPU.ActiveCfg = Debug|Any CPU
		{EB69724E-5A7A-4F03-B860-72920BE2E773}.Debug|Any CPU.Build.0 = Debug|Any CPU
		{EB69724E-5A7A-4F03-B860-72920BE2E773}.Release|Any CPU.ActiveCfg = Release|Any CPU
		{EB69724E-5A7A-4F03-B860-72920BE2E773}.Release|Any CPU.Build.0 = Release|Any CPU
		{871CC36C-D7DC-4232-A72A-349CE8AB1CFF}.Debug|Any CPU.ActiveCfg = Debug|Any CPU
		{871CC36C-D7DC-4232-A72A-349CE8AB1CFF}.Debug|Any CPU.Build.0 = Debug|Any CPU
		{871CC36C-D7DC-4232-A72A-349CE8AB1CFF}.Release|Any CPU.ActiveCfg = Release|Any CPU
		{871CC36C-D7DC-4232-A72A-349CE8AB1CFF}.Release|Any CPU.Build.0 = Release|Any CPU
	EndGlobalSection
	GlobalSection(SolutionProperties) = preSolution
		HideSolutionNode = FALSE
	EndGlobalSection
	GlobalSection(ExtensibilityGlobals) = postSolution
		SolutionGuid = {A1C06854-2DF6-4773-8574-D258FBDE2AC2}
	EndGlobalSection
EndGlobal
